
Microsoft Visual Studio Solution File, Format Version 12.00
# Visual Studio 2013
VisualStudioVersion = 12.0.21005.1
MinimumVisualStudioVersion = 10.0.40219.1
Project("{FAE04EC0-301F-11D3-BF4B-00C04F79EFBC}") = "ConsoleApplication1", "ConsoleApplication1\ConsoleApplication1.csproj", "{ECA0F9EA-B317-467B-A477-5C5F08555CCA}"
EndProject
Project("{FAE04EC0-301F-11D3-BF4B-00C04F79EFBC}") = "UnitTestProject1", "UnitTestProject1\UnitTestProject1.csproj", "{78440917-C6D4-4FDC-8A95-1D58B863D7B4}"
EndProject
Global
	GlobalSection(SolutionConfigurationPlatforms) = preSolution
		Debug|Any CPU = Debug|Any CPU
		Release|Any CPU = Release|Any CPU
	EndGlobalSection
	GlobalSection(ProjectConfigurationPlatforms) = postSolution
		{ECA0F9EA-B317-467B-A477-5C5F08555CCA}.Debug|Any CPU.ActiveCfg = Debug|Any CPU
		{ECA0F9EA-B317-467B-A477-5C5F08555CCA}.Debug|Any CPU.Build.0 = Debug|Any CPU
		{ECA0F9EA-B317-467B-A477-5C5F08555CCA}.Release|Any CPU.ActiveCfg = Release|Any CPU
		{ECA0F9EA-B317-467B-A477-5C5F08555CCA}.Release|Any CPU.Build.0 = Release|Any CPU
		{78440917-C6D4-4FDC-8A95-1D58B863D7B4}.Debug|Any CPU.ActiveCfg = Debug|Any CPU
		{78440917-C6D4-4FDC-8A95-1D58B863D7B4}.Debug|Any CPU.Build.0 = Debug|Any CPU
		{78440917-C6D4-4FDC-8A95-1D58B863D7B4}.Release|Any CPU.ActiveCfg = Release|Any CPU
		{78440917-C6D4-4FDC-8A95-1D58B863D7B4}.Release|Any CPU.Build.0 = Release|Any CPU
	EndGlobalSection
	GlobalSection(SolutionProperties) = preSolution
		HideSolutionNode = FALSE
	EndGlobalSection
EndGlobal
